
Microsoft Visual Studio Solution File, Format Version 12.00
# Visual Studio Version 17
VisualStudioVersion = 17.3.32929.385
MinimumVisualStudioVersion = 10.0.40219.1
Project("{FAE04EC0-301F-11D3-BF4B-00C04F79EFBC}") = "BookStore", "BookStore.csproj", "{C459C119-F5C7-474E-A4AF-1F2349443985}"
EndProject
Global
	GlobalSection(SolutionConfigurationPlatforms) = preSolution
		Debug|Any CPU = Debug|Any CPU
		Release|Any CPU = Release|Any CPU
	EndGlobalSection
	GlobalSection(ProjectConfigurationPlatforms) = postSolution
		{C459C119-F5C7-474E-A4AF-1F2349443985}.Debug|Any CPU.ActiveCfg = Debug|Any CPU
		{C459C119-F5C7-474E-A4AF-1F2349443985}.Debug|Any CPU.Build.0 = Debug|Any CPU
		{C459C119-F5C7-474E-A4AF-1F2349443985}.Release|Any CPU.ActiveCfg = Release|Any CPU
		{C459C119-F5C7-474E-A4AF-1F2349443985}.Release|Any CPU.Build.0 = Release|Any CPU
	EndGlobalSection
	GlobalSection(SolutionProperties) = preSolution
		HideSolutionNode = FALSE
	EndGlobalSection
	GlobalSection(ExtensibilityGlobals) = postSolution
		SolutionGuid = {B2C4F906-B9E1-4188-B1A6-6F4CA44D5A8D}
	EndGlobalSection
EndGlobal
